
Microsoft Visual Studio Solution File, Format Version 12.00
# Visual Studio 2013
VisualStudioVersion = 12.0.40629.0
MinimumVisualStudioVersion = 10.0.40219.1
Project("{FAE04EC0-301F-11D3-BF4B-00C04F79EFBC}") = "Dppkad", "Dppkad\Dppkad.csproj", "{B6C55A70-E7F6-4620-B53A-C7B91809FD24}"
EndProject
Global
	GlobalSection(SolutionConfigurationPlatforms) = preSolution
		Debug|Any CPU = Debug|Any CPU
		Release|Any CPU = Release|Any CPU
	EndGlobalSection
	GlobalSection(ProjectConfigurationPlatforms) = postSolution
		{B6C55A70-E7F6-4620-B53A-C7B91809FD24}.Debug|Any CPU.ActiveCfg = Debug|Any CPU
		{B6C55A70-E7F6-4620-B53A-C7B91809FD24}.Debug|Any CPU.Build.0 = Debug|Any CPU
		{B6C55A70-E7F6-4620-B53A-C7B91809FD24}.Release|Any CPU.ActiveCfg = Release|Any CPU
		{B6C55A70-E7F6-4620-B53A-C7B91809FD24}.Release|Any CPU.Build.0 = Release|Any CPU
	EndGlobalSection
	GlobalSection(SolutionProperties) = preSolution
		HideSolutionNode = FALSE
	EndGlobalSection
EndGlobal
